github.com/aws/aws-sdk-go-v2 v1.43.5 h1:yKT5GYnFWhuDo+DqKvE5ZPwVn3RjC4MAeBtZGlh6AVM=
github.com/aws/aws-sdk-go-v2 v1.43.5/go.mod h1:wZjAJppCntyOGgVSmgVTfDyRJK5PHOasO6Wsy8U7Axk=
github.com/aws/aws-sdk-go-v2/aws/protocol/eventstream v1.7.17 h1:mn+Vxb9zgz/FE/yDTcFim3DZ1qpcrxR+qBQkBrl6bzA=
github.com/aws/aws-sdk-go-v2/aws/protocol/eventstream v1.7.17/go.mod h1:eDfmEFxu+BSVsUGLbzJhWjpOurv1mqczClS97yI8wdk=
github.com/aws/aws-sdk-go-v2/config v1.32.27 h1:SJwJ9Q4kM7v5QVSYYyXj3znRr6lNyZEhSgAXmXXcVbI=
github.com/aws/aws-sdk-go-v2/config v1.32.27/go.mod h1:uBfrzTRedDmB2u+b6+UlaKJy2O6VSH5un2jP24t/KvQ=
github.com/aws/aws-sdk-go-v2/credentials v1.19.26 h1:Si8kk1kyJnuJWCEgiwpBtTdtgSdR7i611596NnC0YIQ=
github.com/aws/aws-sdk-go-v2/credentials v1.19.26/go.mod h1:lBckz+W9SAdNtSDw3pYgQUJDJFcBBWry0GSzw+bK0TY=
github.com/aws/aws-sdk-go-v2/feature/ec2/imds v1.18.30 h1:/hi1JADLEW9YYryEz1w4GQu0EtP23pP553Cf9KgsDV4=
github.com/aws/aws-sdk-go-v2/feature/ec2/imds v1.18.30/go.mod h1:/3AOgy4K17Dm4ucMZVC/MJkzy5kmfKUcINRHZyo0koQ=
github.com/aws/aws-sdk-go-v2/internal/configsources v1.4.36 h1:5CrzwxDqf4w3x1Vs3/NiZ0nsC34Hbm3pIDMWbsLebOE=
github.com/aws/aws-sdk-go-v2/internal/configsources v1.4.36/go.mod h1:A3gHdKZIvG/QXERzZwcxNS3RNDFcRCuhhTFBYp+V/nw=
github.com/aws/aws-sdk-go-v2/internal/endpoints/v2 v2.7.36 h1:A4N2f4YPcST0v+dWtX+xrpPPCL9VTBhoIFFUWYqbacE=
github.com/aws/aws-sdk-go-v2/internal/endpoints/v2 v2.7.36/go.mod h1:B/Qr859uxWUEfZeGotK5KAEoof4Q9YWgNtPSwV6jcyk=
github.com/aws/aws-sdk-go-v2/internal/v4a v1.4.37 h1:oyd3ke4V9AhKcRR7rRgxk1VyI+DjK2CBQtbxh3OkdaA=
github.com/aws/aws-sdk-go-v2/internal/v4a v1.4.37/go.mod h1:aA9D7SqfG9IC1b7FLD7Iyc8Q4JN0a8gHhNjN4zPlIaI=
github.com/aws/aws-sdk-go-v2/service/internal/accept-encoding v1.13.16 h1:iE4NGbvqUZnHDqddQAauZzCILYtFjOHwRM5MOOKLB5A=
github.com/aws/aws-sdk-go-v2/service/internal/accept-encoding v1.13.16/go.mod h1:VsjEgrP+ibcou8TlWA4tYaB+0OojuhirsmCe+U60hTA=
github.com/aws/aws-sdk-go-v2/service/internal/checksum v1.9.29 h1:E65Hj648dOV6FuUfI0mYXXhQRHbsi7n+B9h6fZPJO/E=
github.com/aws/aws-sdk-go-v2/service/internal/checksum v1.9.29/go.mod h1:xLrF9yNTCs92VZSpdEd68EJbgcdw3SMR74RO6QDzWHE=
github.com/aws/aws-sdk-go-v2/service/internal/presigned-url v1.13.36 h1:fx2ujmozWn+C/GtfXfz5k6Ckzza40ElOpIW7d92fLWQ=
github.com/aws/aws-sdk-go-v2/service/internal/presigned-url v1.13.36/go.mod h1:QT2ufGVJ+xTRxtXPHTQ1kHkAdWIKPCmD+BqYAXWv8/4=
github.com/aws/aws-sdk-go-v2/service/internal/s3shared v1.19.37 h1:KGHa9iZCrgtkOsFfXb0S4ywsjostA/hau7WE9aSb43E=
github.com/aws/aws-sdk-go-v2/service/internal/s3shared v1.19.37/go.mod h1:FV79f0DSnZIEGsQjWenENGtUycrasyAaJZO+zRanLHA=
github.com/aws/aws-sdk-go-v2/service/s3 v1.107.1 h1:VUTtUJMuRNMkb/7NIKmd8NQaeQLPGCMoTJxkYKre4qM=
github.com/aws/aws-sdk-go-v2/service/s3 v1.107.1/go.mod h1:WvUaO0lP5GNMs1R6cs6qvB3mqo16GLta8yfOuf55Rpc=
github.com/aws/aws-sdk-go-v2/service/signin v1.2.2 h1:69JEZSDTQ+UNbTWQJCZMmbpQb5sfc79KUt0O7Pyfjmo=
github.com/aws/aws-sdk-go-v2/service/signin v1.2.2/go.mod h1:mxC0nT/C8wMMS97DemZPzvUZxvIt+2Iq+eS3JdFZGgg=
github.com/aws/aws-sdk-go-v2/service/sso v1.31.5 h1:xlK3Tdc8FO7Tq1k0+hL+otF33glj+dE+qeM5iINiDvU=
github.com/aws/aws-sdk-go-v2/service/sso v1.31.5/go.mod h1:u8af9Nqkmqnr96f7v9nHqzZT9XBwbXEkTiqT4ROuJSE=
github.com/aws/aws-sdk-go-v2/service/ssooidc v1.36.8 h1:yX1IbiBfC7SdEgDwIGnRaZyPPDRbQPDOJxl8102PcGk=
github.com/aws/aws-sdk-go-v2/service/ssooidc v1.36.8/go.mod h1:DMPWJBjYs6+3+f/qhBFEFPPlQ6NlhWjai3dJNvipJ84=
github.com/aws/aws-sdk-go-v2/service/sts v1.43.5 h1:T3ANO8QWDbzQD8f4+UaX+fvJlyGnOFMKLbW+NGBHg04=
github.com/aws/aws-sdk-go-v2/service/sts v1.43.5/go.mod h1:9gdl4RrflIdpDb2TlXshWgR1F9TeCkvqDx77Vpr4Z/Q=
github.com/aws/smithy-go v1.27.7 h1:Zgj5z4LfcDYoQIVk+n/yGdTkP/2y6ZT5vYxe0fp7bqE=
github.com/aws/smithy-go v1.27.7/go.mod h1:YE2RhdIuDbA5E5bTdciG9KrW3+TiEONeUWCqxX9i1Fc=
